<Solution>
  <Project Path="TickerTower.Api.Business/TickerTower.Api.Business.csproj" />
  <Project Path="TickerTower.Api.Common/TickerTower.Api.Common.csproj" />
  <Project Path="TickerTower.Api.Data/TickerTower.Api.Data.csproj" />
  <Project Path="TickerTower.Api/TickerTower.Api.csproj" />
</Solution>
